
Microsoft Visual Studio Solution File, Format Version 12.00
# Visual Studio Version 17
VisualStudioVersion = 17.5.33627.172
MinimumVisualStudioVersion = 10.0.40219.1
Project("{FAE04EC0-301F-11D3-BF4B-00C04F79EFBC}") = "BackSegurosChubb", "BackSegurosChubb\BackSegurosChubb.csproj", "{32102D85-4CE7-4A59-92FE-5FBECF2C750B}"
EndProject
Global
	GlobalSection(SolutionConfigurationPlatforms) = preSolution
		Debug|Any CPU = Debug|Any CPU
		Release|Any CPU = Release|Any CPU
	EndGlobalSection
	GlobalSection(ProjectConfigurationPlatforms) = postSolution
		{32102D85-4CE7-4A59-92FE-5FBECF2C750B}.Debug|Any CPU.ActiveCfg = Debug|Any CPU
		{32102D85-4CE7-4A59-92FE-5FBECF2C750B}.Debug|Any CPU.Build.0 = Debug|Any CPU
		{32102D85-4CE7-4A59-92FE-5FBECF2C750B}.Release|Any CPU.ActiveCfg = Release|Any CPU
		{32102D85-4CE7-4A59-92FE-5FBECF2C750B}.Release|Any CPU.Build.0 = Release|Any CPU
	EndGlobalSection
	GlobalSection(SolutionProperties) = preSolution
		HideSolutionNode = FALSE
	EndGlobalSection
	GlobalSection(ExtensibilityGlobals) = postSolution
		SolutionGuid = {9C57036B-74D0-4224-8D76-86BAE8FAF28E}
	EndGlobalSection
EndGlobal
